
Microsoft Visual Studio Solution File, Format Version 12.00
# Visual Studio Version 17
VisualStudioVersion = 17.2.32630.192
MinimumVisualStudioVersion = 10.0.40219.1
Project("{9A19103F-16F7-4668-BE54-9A1E7A4F7556}") = "SpotifyLoungeAPI", "SpotifyLoungeAPI\SpotifyLoungeAPI.csproj", "{765680B5-0CBE-41C9-8B57-804B2620F638}"
EndProject
Project("{9A19103F-16F7-4668-BE54-9A1E7A4F7556}") = "SpotifyAccess", "SpotifyAccess\SpotifyAccess.csproj", "{FC6823AB-9EF2-45ED-B694-A6943FD8416A}"
EndProject
Project("{9A19103F-16F7-4668-BE54-9A1E7A4F7556}") = "DBAccess", "DBAccess\DBAccess.csproj", "{4E40F16F-51C7-4AC6-BF3D-875114DE9D71}"
EndProject
Project("{9A19103F-16F7-4668-BE54-9A1E7A4F7556}") = "DataTransferObjects", "DataTransferObjects\DataTransferObjects.csproj", "{0158A15B-B742-4739-8FC1-06111F9FC644}"
EndProject
Project("{FAE04EC0-301F-11D3-BF4B-00C04F79EFBC}") = "SpotifyLoungeRoomServer", "SpotifyLoungeRoomServer\SpotifyLoungeRoomServer.csproj", "{D0C0B382-AC49-40E4-870E-44E39B535DC5}"
EndProject
Global
	GlobalSection(SolutionConfigurationPlatforms) = preSolution
		Debug|Any CPU = Debug|Any CPU
		Release|Any CPU = Release|Any CPU
	EndGlobalSection
	GlobalSection(ProjectConfigurationPlatforms) = postSolution
		{765680B5-0CBE-41C9-8B57-804B2620F638}.Debug|Any CPU.ActiveCfg = Debug|Any CPU
		{765680B5-0CBE-41C9-8B57-804B2620F638}.Debug|Any CPU.Build.0 = Debug|Any CPU
		{765680B5-0CBE-41C9-8B57-804B2620F638}.Release|Any CPU.ActiveCfg = Release|Any CPU
		{765680B5-0CBE-41C9-8B57-804B2620F638}.Release|Any CPU.Build.0 = Release|Any CPU
		{FC6823AB-9EF2-45ED-B694-A6943FD8416A}.Debug|Any CPU.ActiveCfg = Debug|Any CPU
		{FC6823AB-9EF2-45ED-B694-A6943FD8416A}.Debug|Any CPU.Build.0 = Debug|Any CPU
		{FC6823AB-9EF2-45ED-B694-A6943FD8416A}.Release|Any CPU.ActiveCfg = Release|Any CPU
		{FC6823AB-9EF2-45ED-B694-A6943FD8416A}.Release|Any CPU.Build.0 = Release|Any CPU
		{4E40F16F-51C7-4AC6-BF3D-875114DE9D71}.Debug|Any CPU.ActiveCfg = Debug|Any CPU
		{4E40F16F-51C7-4AC6-BF3D-875114DE9D71}.Debug|Any CPU.Build.0 = Debug|Any CPU
		{4E40F16F-51C7-4AC6-BF3D-875114DE9D71}.Release|Any CPU.ActiveCfg = Release|Any CPU
		{4E40F16F-51C7-4AC6-BF3D-875114DE9D71}.Release|Any CPU.Build.0 = Release|Any CPU
		{0158A15B-B742-4739-8FC1-06111F9FC644}.Debug|Any CPU.ActiveCfg = Debug|Any CPU
		{0158A15B-B742-4739-8FC1-06111F9FC644}.Debug|Any CPU.Build.0 = Debug|Any CPU
		{0158A15B-B742-4739-8FC1-06111F9FC644}.Release|Any CPU.ActiveCfg = Release|Any CPU
		{0158A15B-B742-4739-8FC1-06111F9FC644}.Release|Any CPU.Build.0 = Release|Any CPU
		{D0C0B382-AC49-40E4-870E-44E39B535DC5}.Debug|Any CPU.ActiveCfg = Debug|Any CPU
		{D0C0B382-AC49-40E4-870E-44E39B535DC5}.Debug|Any CPU.Build.0 = Debug|Any CPU
		{D0C0B382-AC49-40E4-870E-44E39B535DC5}.Release|Any CPU.ActiveCfg = Release|Any CPU
		{D0C0B382-AC49-40E4-870E-44E39B535DC5}.Release|Any CPU.Build.0 = Release|Any CPU
	EndGlobalSection
	GlobalSection(SolutionProperties) = preSolution
		HideSolutionNode = FALSE
	EndGlobalSection
	GlobalSection(ExtensibilityGlobals) = postSolution
		SolutionGuid = {55AC1602-D79B-4BA2-96DB-742867230FE3}
	EndGlobalSection
EndGlobal
